# This is a Gradle generated file for dependency locking.
# Manual edits can break the build and are not advised.
# This file is expected to be part of source control.
androidx.activity:activity-ktx:1.7.2=productionReleaseCompileClasspath,productionReleaseLintChecksClasspath,productionReleaseRuntimeClasspath
androidx.activity:activity:1.7.2=productionReleaseCompileClasspath,productionReleaseLintChecksClasspath,productionReleaseRuntimeClasspath
androidx.annotation:annotation-experimental:1.4.1=productionReleaseCompileClasspath,productionReleaseLintChecksClasspath,productionReleaseRuntimeClasspath
androidx.annotation:annotation-jvm:1.9.1=productionReleaseCompileClasspath,productionReleaseLintChecksClasspath,productionReleaseRuntimeClasspath
androidx.annotation:annotation:1.9.1=productionReleaseCompileClasspath,productionReleaseLintChecksClasspath,productionReleaseRuntimeClasspath
androidx.appcompat:appcompat-resources:1.2.0=productionReleaseCompileClasspath,productionReleaseLintChecksClasspath,productionReleaseRuntimeClasspath
androidx.appcompat:appcompat:1.2.0=productionReleaseCompileClasspath,productionReleaseLintChecksClasspath,productionReleaseRuntimeClasspath
androidx.arch.core:core-common:2.2.0=productionReleaseCompileClasspath,productionReleaseLintChecksClasspath,productionReleaseRuntimeClasspath
androidx.arch.core:core-runtime:2.2.0=productionReleaseCompileClasspath,productionReleaseLintChecksClasspath,productionReleaseRuntimeClasspath
androidx.cardview:cardview:1.0.0=productionReleaseCompileClasspath,productionReleaseLintChecksClasspath,productionReleaseRuntimeClasspath
androidx.collection:collection-jvm:1.4.2=productionReleaseLintChecksClasspath,productionReleaseRuntimeClasspath
androidx.collection:collection-ktx:1.1.0=productionReleaseCompileClasspath
androidx.collection:collection-ktx:1.4.2=productionReleaseLintChecksClasspath,productionReleaseRuntimeClasspath
androidx.collection:collection:1.1.0=productionReleaseCompileClasspath
androidx.collection:collection:1.4.2=productionReleaseLintChecksClasspath,productionReleaseRuntimeClasspath
androidx.concurrent:concurrent-futures:1.1.0=productionReleaseLintChecksClasspath,productionReleaseRuntimeClasspath
androidx.constraintlayout:constraintlayout-solver:2.0.1=productionReleaseCompileClasspath,productionReleaseLintChecksClasspath,productionReleaseRuntimeClasspath
androidx.constraintlayout:constraintlayout:2.0.1=productionReleaseCompileClasspath,productionReleaseLintChecksClasspath,productionReleaseRuntimeClasspath
androidx.coordinatorlayout:coordinatorlayout:1.1.0=productionReleaseCompileClasspath,productionReleaseLintChecksClasspath,productionReleaseRuntimeClasspath
androidx.core:core-ktx:1.13.1=productionReleaseLintChecksClasspath,productionReleaseRuntimeClasspath
androidx.core:core-ktx:1.8.0=productionReleaseCompileClasspath
androidx.core:core-viewtree:1.0.0=productionReleaseLintChecksClasspath,productionReleaseRuntimeClasspath
androidx.core:core:1.13.1=productionReleaseLintChecksClasspath,productionReleaseRuntimeClasspath
androidx.core:core:1.8.0=productionReleaseCompileClasspath
androidx.cursoradapter:cursoradapter:1.0.0=productionReleaseCompileClasspath,productionReleaseLintChecksClasspath,productionReleaseRuntimeClasspath
androidx.customview:customview:1.1.0=productionReleaseCompileClasspath,productionReleaseLintChecksClasspath,productionReleaseRuntimeClasspath
androidx.documentfile:documentfile:1.0.0=productionReleaseCompileClasspath,productionReleaseLintChecksClasspath,productionReleaseRuntimeClasspath
androidx.drawerlayout:drawerlayout:1.1.1=productionReleaseCompileClasspath,productionReleaseLintChecksClasspath,productionReleaseRuntimeClasspath
androidx.dynamicanimation:dynamicanimation:1.0.0=productionReleaseCompileClasspath,productionReleaseLintChecksClasspath,productionReleaseRuntimeClasspath
androidx.fragment:fragment-ktx:1.6.2=productionReleaseCompileClasspath,productionReleaseLintChecksClasspath,productionReleaseRuntimeClasspath
androidx.fragment:fragment:1.6.2=productionReleaseCompileClasspath,productionReleaseLintChecksClasspath,productionReleaseRuntimeClasspath
androidx.interpolator:interpolator:1.0.0=productionReleaseCompileClasspath,productionReleaseLintChecksClasspath,productionReleaseRuntimeClasspath
androidx.legacy:legacy-support-core-utils:1.0.0=productionReleaseCompileClasspath,productionReleaseLintChecksClasspath,productionReleaseRuntimeClasspath
androidx.lifecycle:lifecycle-common-jvm:2.9.0=productionReleaseCompileClasspath,productionReleaseLintChecksClasspath,productionReleaseRuntimeClasspath
androidx.lifecycle:lifecycle-common:2.9.0=productionReleaseCompileClasspath,productionReleaseLintChecksClasspath,productionReleaseRuntimeClasspath
androidx.lifecycle:lifecycle-livedata-core-ktx:2.9.0=productionReleaseCompileClasspath,productionReleaseLintChecksClasspath,productionReleaseRuntimeClasspath
androidx.lifecycle:lifecycle-livedata-core:2.9.0=productionReleaseCompileClasspath,productionReleaseLintChecksClasspath,productionReleaseRuntimeClasspath
androidx.lifecycle:lifecycle-livedata:2.9.0=productionReleaseCompileClasspath,productionReleaseLintChecksClasspath,productionReleaseRuntimeClasspath
androidx.lifecycle:lifecycle-runtime-android:2.9.0=productionReleaseCompileClasspath,productionReleaseLintChecksClasspath,productionReleaseRuntimeClasspath
androidx.lifecycle:lifecycle-runtime-ktx-android:2.9.0=productionReleaseCompileClasspath,productionReleaseLintChecksClasspath,productionReleaseRuntimeClasspath
androidx.lifecycle:lifecycle-runtime-ktx:2.9.0=productionReleaseCompileClasspath,productionReleaseLintChecksClasspath,productionReleaseRuntimeClasspath
androidx.lifecycle:lifecycle-runtime:2.9.0=productionReleaseCompileClasspath,productionReleaseLintChecksClasspath,productionReleaseRuntimeClasspath
androidx.lifecycle:lifecycle-viewmodel-android:2.9.0=productionReleaseCompileClasspath,productionReleaseLintChecksClasspath,productionReleaseRuntimeClasspath
androidx.lifecycle:lifecycle-viewmodel-ktx:2.9.0=productionReleaseCompileClasspath,productionReleaseLintChecksClasspath,productionReleaseRuntimeClasspath
androidx.lifecycle:lifecycle-viewmodel-savedstate-android:2.9.0=productionReleaseCompileClasspath,productionReleaseLintChecksClasspath,productionReleaseRuntimeClasspath
androidx.lifecycle:lifecycle-viewmodel-savedstate:2.9.0=productionReleaseCompileClasspath,productionReleaseLintChecksClasspath,productionReleaseRuntimeClasspath
androidx.lifecycle:lifecycle-viewmodel:2.9.0=productionReleaseCompileClasspath,productionReleaseLintChecksClasspath,productionReleaseRuntimeClasspath
androidx.loader:loader:1.0.0=productionReleaseCompileClasspath,productionReleaseLintChecksClasspath,productionReleaseRuntimeClasspath
androidx.localbroadcastmanager:localbroadcastmanager:1.0.0=productionReleaseCompileClasspath,productionReleaseLintChecksClasspath,productionReleaseRuntimeClasspath
androidx.navigation:navigation-common-android:2.9.6=productionReleaseCompileClasspath,productionReleaseLintChecksClasspath,productionReleaseRuntimeClasspath
androidx.navigation:navigation-common:2.9.6=productionReleaseCompileClasspath,productionReleaseLintChecksClasspath,productionReleaseRuntimeClasspath
androidx.navigation:navigation-fragment-ktx:2.9.6=productionReleaseCompileClasspath,productionReleaseLintChecksClasspath,productionReleaseRuntimeClasspath
androidx.navigation:navigation-fragment:2.9.6=productionReleaseCompileClasspath,productionReleaseLintChecksClasspath,productionReleaseRuntimeClasspath
androidx.navigation:navigation-runtime-android:2.9.6=productionReleaseCompileClasspath,productionReleaseLintChecksClasspath,productionReleaseRuntimeClasspath
androidx.navigation:navigation-runtime:2.9.6=productionReleaseCompileClasspath,productionReleaseLintChecksClasspath,productionReleaseRuntimeClasspath
androidx.navigation:navigation-ui-ktx:2.9.6=productionReleaseCompileClasspath,productionReleaseLintChecksClasspath,productionReleaseRuntimeClasspath
androidx.navigation:navigation-ui:2.9.6=productionReleaseCompileClasspath,productionReleaseLintChecksClasspath,productionReleaseRuntimeClasspath
androidx.print:print:1.0.0=productionReleaseCompileClasspath,productionReleaseLintChecksClasspath,productionReleaseRuntimeClasspath
androidx.profileinstaller:profileinstaller:1.4.0=productionReleaseLintChecksClasspath,productionReleaseRuntimeClasspath
androidx.recyclerview:recyclerview:1.1.0=productionReleaseCompileClasspath,productionReleaseLintChecksClasspath,productionReleaseRuntimeClasspath
androidx.savedstate:savedstate-android:1.3.0=productionReleaseCompileClasspath,productionReleaseLintChecksClasspath,productionReleaseRuntimeClasspath
androidx.savedstate:savedstate-ktx:1.3.0=productionReleaseCompileClasspath,productionReleaseLintChecksClasspath,productionReleaseRuntimeClasspath
androidx.savedstate:savedstate:1.3.0=productionReleaseCompileClasspath,productionReleaseLintChecksClasspath,productionReleaseRuntimeClasspath
androidx.slidingpanelayout:slidingpanelayout:1.2.0=productionReleaseCompileClasspath,productionReleaseLintChecksClasspath,productionReleaseRuntimeClasspath
androidx.startup:startup-runtime:1.1.1=productionReleaseLintChecksClasspath,productionReleaseRuntimeClasspath
androidx.tracing:tracing:1.0.0=productionReleaseLintChecksClasspath,productionReleaseRuntimeClasspath
androidx.transition:transition:1.2.0=productionReleaseCompileClasspath
androidx.transition:transition:1.4.1=productionReleaseLintChecksClasspath,productionReleaseRuntimeClasspath
androidx.vectordrawable:vectordrawable-animated:1.1.0=productionReleaseCompileClasspath,productionReleaseLintChecksClasspath,productionReleaseRuntimeClasspath
androidx.vectordrawable:vectordrawable:1.1.0=productionReleaseCompileClasspath,productionReleaseLintChecksClasspath,productionReleaseRuntimeClasspath
androidx.versionedparcelable:versionedparcelable:1.1.1=productionReleaseCompileClasspath,productionReleaseLintChecksClasspath,productionReleaseRuntimeClasspath
androidx.viewpager2:viewpager2:1.0.0=productionReleaseCompileClasspath,productionReleaseLintChecksClasspath,productionReleaseRuntimeClasspath
androidx.viewpager:viewpager:1.0.0=productionReleaseCompileClasspath,productionReleaseLintChecksClasspath,productionReleaseRuntimeClasspath
androidx.window:window:1.0.0=productionReleaseLintChecksClasspath,productionReleaseRuntimeClasspath
com.google.android.material:material:1.4.0=productionReleaseCompileClasspath,productionReleaseLintChecksClasspath,productionReleaseRuntimeClasspath
com.google.code.findbugs:jsr305:3.0.2=_agp_internal_productionRelease_kspClasspath,kspProductionReleaseKotlinProcessorClasspath,productionReleaseCompileClasspath,productionReleaseLintChecksClasspath,productionReleaseRuntimeClasspath
com.google.dagger:dagger-compiler:2.59.2=_agp_internal_productionRelease_kspClasspath,kspProductionReleaseKotlinProcessorClasspath
com.google.dagger:dagger-lint-aar:2.59.2=productionReleaseCompileClasspath,productionReleaseLintChecksClasspath,productionReleaseRuntimeClasspath
com.google.dagger:dagger-spi:2.59.2=_agp_internal_productionRelease_kspClasspath,kspProductionReleaseKotlinProcessorClasspath
com.google.dagger:dagger:2.59.2=_agp_internal_productionRelease_kspClasspath,kspProductionReleaseKotlinProcessorClasspath,productionReleaseCompileClasspath,productionReleaseLintChecksClasspath,productionReleaseRuntimeClasspath
com.google.dagger:hilt-android:2.59.2=productionReleaseCompileClasspath,productionReleaseLintChecksClasspath,productionReleaseRuntimeClasspath
com.google.dagger:hilt-compiler:2.59.2=_agp_internal_productionRelease_kspClasspath,kspProductionReleaseKotlinProcessorClasspath
com.google.dagger:hilt-core:2.59.2=productionReleaseCompileClasspath,productionReleaseLintChecksClasspath,productionReleaseRuntimeClasspath
com.google.devtools.ksp:symbol-processing-api:2.2.20-2.0.3=_agp_internal_productionRelease_kspClasspath,kspProductionReleaseKotlinProcessorClasspath
com.google.devtools.ksp:symbol-processing:2.3.6=kotlinCompilerPluginClasspathProductionRelease
com.google.errorprone:error_prone_annotations:2.23.0=_agp_internal_productionRelease_kspClasspath,kspProductionReleaseKotlinProcessorClasspath
com.google.googlejavaformat:google-java-format:1.33.0=_agp_internal_productionRelease_kspClasspath,kspProductionReleaseKotlinProcessorClasspath
com.google.guava:failureaccess:1.0.2=_agp_internal_productionRelease_kspClasspath,kspProductionReleaseKotlinProcessorClasspath
com.google.guava:guava:33.0.0-jre=_agp_internal_productionRelease_kspClasspath,kspProductionReleaseKotlinProcessorClasspath
com.google.guava:listenablefuture:1.0=productionReleaseLintChecksClasspath,productionReleaseRuntimeClasspath
com.google.guava:listenablefuture:9999.0-empty-to-avoid-conflict-with-guava=_agp_internal_productionRelease_kspClasspath,kspProductionReleaseKotlinProcessorClasspath
com.squareup:javapoet:1.13.0=_agp_internal_productionRelease_kspClasspath,kspProductionReleaseKotlinProcessorClasspath
com.squareup:kotlinpoet:1.11.0=_agp_internal_productionRelease_kspClasspath,kspProductionReleaseKotlinProcessorClasspath
jakarta.inject:jakarta.inject-api:2.0.1=_agp_internal_productionRelease_kspClasspath,kspProductionReleaseKotlinProcessorClasspath,productionReleaseCompileClasspath,productionReleaseLintChecksClasspath,productionReleaseRuntimeClasspath
javax.inject:javax.inject:1=_agp_internal_productionRelease_kspClasspath,kspProductionReleaseKotlinProcessorClasspath,productionReleaseCompileClasspath,productionReleaseLintChecksClasspath,productionReleaseRuntimeClasspath
net.ltgt.gradle.incap:incap:0.2=_agp_internal_productionRelease_kspClasspath,kspProductionReleaseKotlinProcessorClasspath
org.checkerframework:checker-compat-qual:2.5.3=_agp_internal_productionRelease_kspClasspath,kspProductionReleaseKotlinProcessorClasspath
org.checkerframework:checker-qual:3.41.0=_agp_internal_productionRelease_kspClasspath,kspProductionReleaseKotlinProcessorClasspath
org.jetbrains.kotlin:kotlin-compiler-embeddable:2.3.21=kotlinCompilerPluginClasspathProductionRelease
org.jetbrains.kotlin:kotlin-daemon-embeddable:2.3.21=kotlinCompilerPluginClasspathProductionRelease
org.jetbrains.kotlin:kotlin-metadata-jvm:2.2.20=_agp_internal_productionRelease_kspClasspath,kspProductionReleaseKotlinProcessorClasspath
org.jetbrains.kotlin:kotlin-parcelize-compiler:2.3.21=kotlinCompilerPluginClasspathProductionRelease
org.jetbrains.kotlin:kotlin-parcelize-runtime:2.3.21=productionReleaseCompileClasspath,productionReleaseLintChecksClasspath,productionReleaseRuntimeClasspath
org.jetbrains.kotlin:kotlin-reflect:1.6.10=_agp_internal_productionRelease_kspClasspath,kotlinCompilerPluginClasspathProductionRelease,kspProductionReleaseKotlinProcessorClasspath
org.jetbrains.kotlin:kotlin-script-runtime:2.3.21=kotlinCompilerPluginClasspathProductionRelease
org.jetbrains.kotlin:kotlin-serialization-compiler-plugin-embeddable:2.3.21=kotlinCompilerPluginClasspathProductionRelease
org.jetbrains.kotlin:kotlin-stdlib-common:2.3.21=productionReleaseCompileClasspath,productionReleaseLintChecksClasspath,productionReleaseRuntimeClasspath
org.jetbrains.kotlin:kotlin-stdlib-jdk7:1.8.0=_agp_internal_productionRelease_kspClasspath,kspProductionReleaseKotlinProcessorClasspath
org.jetbrains.kotlin:kotlin-stdlib-jdk7:1.8.20=productionReleaseCompileClasspath,productionReleaseLintChecksClasspath,productionReleaseRuntimeClasspath
org.jetbrains.kotlin:kotlin-stdlib-jdk8:1.8.0=_agp_internal_productionRelease_kspClasspath,kspProductionReleaseKotlinProcessorClasspath
org.jetbrains.kotlin:kotlin-stdlib-jdk8:1.8.20=productionReleaseCompileClasspath,productionReleaseLintChecksClasspath,productionReleaseRuntimeClasspath
org.jetbrains.kotlin:kotlin-stdlib:2.2.20=_agp_internal_productionRelease_kspClasspath,kspProductionReleaseKotlinProcessorClasspath
org.jetbrains.kotlin:kotlin-stdlib:2.3.21=kotlinCompilerPluginClasspathProductionRelease,productionReleaseCompileClasspath,productionReleaseLintChecksClasspath,productionReleaseRuntimeClasspath
org.jetbrains.kotlinx:kotlinx-coroutines-android:1.7.3=productionReleaseCompileClasspath,productionReleaseLintChecksClasspath,productionReleaseRuntimeClasspath
org.jetbrains.kotlinx:kotlinx-coroutines-bom:1.7.3=productionReleaseCompileClasspath,productionReleaseLintChecksClasspath,productionReleaseRuntimeClasspath
org.jetbrains.kotlinx:kotlinx-coroutines-core-jvm:1.7.3=productionReleaseCompileClasspath,productionReleaseLintChecksClasspath,productionReleaseRuntimeClasspath
org.jetbrains.kotlinx:kotlinx-coroutines-core-jvm:1.8.0=kotlinCompilerPluginClasspathProductionRelease
org.jetbrains.kotlinx:kotlinx-coroutines-core:1.7.3=productionReleaseCompileClasspath,productionReleaseLintChecksClasspath,productionReleaseRuntimeClasspath
org.jetbrains.kotlinx:kotlinx-serialization-bom:1.7.3=productionReleaseCompileClasspath,productionReleaseLintChecksClasspath,productionReleaseRuntimeClasspath
org.jetbrains.kotlinx:kotlinx-serialization-core-jvm:1.7.3=productionReleaseCompileClasspath,productionReleaseLintChecksClasspath,productionReleaseRuntimeClasspath
org.jetbrains.kotlinx:kotlinx-serialization-core:1.7.3=productionReleaseCompileClasspath,productionReleaseLintChecksClasspath,productionReleaseRuntimeClasspath
org.jetbrains:annotations:13.0=_agp_internal_productionRelease_kspClasspath,kotlinCompilerPluginClasspathProductionRelease,kspProductionReleaseKotlinProcessorClasspath
org.jetbrains:annotations:23.0.0=productionReleaseCompileClasspath,productionReleaseLintChecksClasspath,productionReleaseRuntimeClasspath
org.jspecify:jspecify:1.0.0=_agp_internal_productionRelease_kspClasspath,kspProductionReleaseKotlinProcessorClasspath,productionReleaseCompileClasspath,productionReleaseLintChecksClasspath,productionReleaseRuntimeClasspath
empty=koverExternalArtifactsProductionRelease,productionReleaseAnnotationProcessorClasspath,productionReleaseImplementationDependenciesMetadata
